
Microsoft Visual Studio Solution File, Format Version 12.00
# Visual Studio Version 17
VisualStudioVersion = 17.7.34202.233
MinimumVisualStudioVersion = 10.0.40219.1
Project("{2150E333-8FDC-42A3-9474-1A3956D46DE8}") = "src", "src", "{50A8163D-A8AB-44DC-93AB-640BE89C3406}"
EndProject
Project("{2150E333-8FDC-42A3-9474-1A3956D46DE8}") = "Api", "Api", "{F51500F7-B893-4F1E-A611-093C05D587D6}"
EndProject
Project("{2150E333-8FDC-42A3-9474-1A3956D46DE8}") = "Clients", "Clients", "{B0D97235-F460-453C-BB00-D88F4AB4CD2F}"
EndProject
Project("{2150E333-8FDC-42A3-9474-1A3956D46DE8}") = "Common", "Common", "{2A360216-709C-419F-87E5-CA118AD3EC75}"
EndProject
Project("{2150E333-8FDC-42A3-9474-1A3956D46DE8}") = "Projections", "Projections", "{36FD8B9F-9040-4740-8FE5-744DD95B3E59}"
EndProject
Project("{2150E333-8FDC-42A3-9474-1A3956D46DE8}") = "Core", "Core", "{A796735F-8361-499E-BA9F-365DC15ACB77}"
EndProject
Project("{2150E333-8FDC-42A3-9474-1A3956D46DE8}") = "Infrastructure", "Infrastructure", "{0EFF5660-7729-450F-9228-450390E2E166}"
EndProject
Project("{2150E333-8FDC-42A3-9474-1A3956D46DE8}") = "WebApi", "WebApi", "{CC485581-39B7-4982-9A9C-6DE77E203373}"
EndProject
Project("{2150E333-8FDC-42A3-9474-1A3956D46DE8}") = "BlazorWeb", "BlazorWeb", "{B1A9FF16-BBA1-4093-AA4A-50BE00FF1135}"
EndProject
Project("{FAE04EC0-301F-11D3-BF4B-00C04F79EFBC}") = "BlazorDictionary.Common", "src\Common\BlazorDictionary.Common\BlazorDictionary.Common.csproj", "{9826C69C-90EE-4C5A-9839-BFF53096DC29}"
EndProject
Project("{FAE04EC0-301F-11D3-BF4B-00C04F79EFBC}") = "BlazorDictionary.Api.Domain", "src\Api\Core\BlazorDictionary.Api.Domain\BlazorDictionary.Api.Domain.csproj", "{DD6777B5-B4DA-4DBB-919B-22EBEC8F3084}"
EndProject
Project("{FAE04EC0-301F-11D3-BF4B-00C04F79EFBC}") = "BlazorDictionary.Api.Application", "src\Api\Core\BlazorDictionary.Api.Application\BlazorDictionary.Api.Application.csproj", "{91AA217F-AE99-460D-8C0D-0A3B39B55893}"
EndProject
Project("{FAE04EC0-301F-11D3-BF4B-00C04F79EFBC}") = "BlazorDictionary.Infrastructure.Persistence", "src\Api\Infrastructure\BlazorDictionary.Infrastructure.Persistence\BlazorDictionary.Infrastructure.Persistence.csproj", "{68D22685-47A0-44D4-89F9-8788843C61BE}"
EndProject
Project("{FAE04EC0-301F-11D3-BF4B-00C04F79EFBC}") = "BlazorDictionary.Api.WebApi", "src\Api\WebApi\BlazorDictionary.Api.WebApi\BlazorDictionary.Api.WebApi.csproj", "{C037B685-1B44-4FAF-9996-A87B8202EB28}"
EndProject
Project("{FAE04EC0-301F-11D3-BF4B-00C04F79EFBC}") = "BlazorDictionary.Projections.FavoriteService", "src\Projections\BlazorDictionary.Projections.FavoriteService\BlazorDictionary.Projections.FavoriteService.csproj", "{74D7EF9C-E61B-4DEF-BAB0-A07185D08968}"
EndProject
Project("{FAE04EC0-301F-11D3-BF4B-00C04F79EFBC}") = "BlazorDictionary.Projections.UserService", "src\Projections\BlazorDictionary.Projections.UserService\BlazorDictionary.Projections.UserService.csproj", "{71BCCAB3-9130-41DB-8591-CF065B5A91FA}"
EndProject
Project("{FAE04EC0-301F-11D3-BF4B-00C04F79EFBC}") = "BlazorDictionary.Projections.VoteService", "src\Projections\BlazorDictionary.Projections.VoteService\BlazorDictionary.Projections.VoteService.csproj", "{E85C72C7-C9B8-45D3-8673-899E971D1E18}"
EndProject
Project("{FAE04EC0-301F-11D3-BF4B-00C04F79EFBC}") = "BlazorDictionary.WebApp", "src\Clients\BlazorWeb\BlazorDictionary.WebApp\BlazorDictionary.WebApp.csproj", "{FE7BE74E-7139-4B8D-9950-6E7189B62793}"
EndProject
Project("{2150E333-8FDC-42A3-9474-1A3956D46DE8}") = "Solution Items", "Solution Items", "{E828980E-65F1-4906-9348-EB380E635582}"
	ProjectSection(SolutionItems) = preProject
		.editorconfig = .editorconfig
	EndProjectSection
EndProject
Global
	GlobalSection(SolutionConfigurationPlatforms) = preSolution
		Debug|Any CPU = Debug|Any CPU
		Release|Any CPU = Release|Any CPU
	EndGlobalSection
	GlobalSection(ProjectConfigurationPlatforms) = postSolution
		{9826C69C-90EE-4C5A-9839-BFF53096DC29}.Debug|Any CPU.ActiveCfg = Debug|Any CPU
		{9826C69C-90EE-4C5A-9839-BFF53096DC29}.Debug|Any CPU.Build.0 = Debug|Any CPU
		{9826C69C-90EE-4C5A-9839-BFF53096DC29}.Release|Any CPU.ActiveCfg = Release|Any CPU
		{9826C69C-90EE-4C5A-9839-BFF53096DC29}.Release|Any CPU.Build.0 = Release|Any CPU
		{DD6777B5-B4DA-4DBB-919B-22EBEC8F3084}.Debug|Any CPU.ActiveCfg = Debug|Any CPU
		{DD6777B5-B4DA-4DBB-919B-22EBEC8F3084}.Debug|Any CPU.Build.0 = Debug|Any CPU
		{DD6777B5-B4DA-4DBB-919B-22EBEC8F3084}.Release|Any CPU.ActiveCfg = Release|Any CPU
		{DD6777B5-B4DA-4DBB-919B-22EBEC8F3084}.Release|Any CPU.Build.0 = Release|Any CPU
		{91AA217F-AE99-460D-8C0D-0A3B39B55893}.Debug|Any CPU.ActiveCfg = Debug|Any CPU
		{91AA217F-AE99-460D-8C0D-0A3B39B55893}.Debug|Any CPU.Build.0 = Debug|Any CPU
		{91AA217F-AE99-460D-8C0D-0A3B39B55893}.Release|Any CPU.ActiveCfg = Release|Any CPU
		{91AA217F-AE99-460D-8C0D-0A3B39B55893}.Release|Any CPU.Build.0 = Release|Any CPU
		{68D22685-47A0-44D4-89F9-8788843C61BE}.Debug|Any CPU.ActiveCfg = Debug|Any CPU
		{68D22685-47A0-44D4-89F9-8788843C61BE}.Debug|Any CPU.Build.0 = Debug|Any CPU
		{68D22685-47A0-44D4-89F9-8788843C61BE}.Release|Any CPU.ActiveCfg = Release|Any CPU
		{68D22685-47A0-44D4-89F9-8788843C61BE}.Release|Any CPU.Build.0 = Release|Any CPU
		{C037B685-1B44-4FAF-9996-A87B8202EB28}.Debug|Any CPU.ActiveCfg = Debug|Any CPU
		{C037B685-1B44-4FAF-9996-A87B8202EB28}.Debug|Any CPU.Build.0 = Debug|Any CPU
		{C037B685-1B44-4FAF-9996-A87B8202EB28}.Release|Any CPU.ActiveCfg = Release|Any CPU
		{C037B685-1B44-4FAF-9996-A87B8202EB28}.Release|Any CPU.Build.0 = Release|Any CPU
		{74D7EF9C-E61B-4DEF-BAB0-A07185D08968}.Debug|Any CPU.ActiveCfg = Debug|Any CPU
		{74D7EF9C-E61B-4DEF-BAB0-A07185D08968}.Debug|Any CPU.Build.0 = Debug|Any CPU
		{74D7EF9C-E61B-4DEF-BAB0-A07185D08968}.Release|Any CPU.ActiveCfg = Release|Any CPU
		{74D7EF9C-E61B-4DEF-BAB0-A07185D08968}.Release|Any CPU.Build.0 = Release|Any CPU
		{71BCCAB3-9130-41DB-8591-CF065B5A91FA}.Debug|Any CPU.ActiveCfg = Debug|Any CPU
		{71BCCAB3-9130-41DB-8591-CF065B5A91FA}.Debug|Any CPU.Build.0 = Debug|Any CPU
		{71BCCAB3-9130-41DB-8591-CF065B5A91FA}.Release|Any CPU.ActiveCfg = Release|Any CPU
		{71BCCAB3-9130-41DB-8591-CF065B5A91FA}.Release|Any CPU.Build.0 = Release|Any CPU
		{E85C72C7-C9B8-45D3-8673-899E971D1E18}.Debug|Any CPU.ActiveCfg = Debug|Any CPU
		{E85C72C7-C9B8-45D3-8673-899E971D1E18}.Debug|Any CPU.Build.0 = Debug|Any CPU
		{E85C72C7-C9B8-45D3-8673-899E971D1E18}.Release|Any CPU.ActiveCfg = Release|Any CPU
		{E85C72C7-C9B8-45D3-8673-899E971D1E18}.Release|Any CPU.Build.0 = Release|Any CPU
		{FE7BE74E-7139-4B8D-9950-6E7189B62793}.Debug|Any CPU.ActiveCfg = Debug|Any CPU
		{FE7BE74E-7139-4B8D-9950-6E7189B62793}.Debug|Any CPU.Build.0 = Debug|Any CPU
		{FE7BE74E-7139-4B8D-9950-6E7189B62793}.Release|Any CPU.ActiveCfg = Release|Any CPU
		{FE7BE74E-7139-4B8D-9950-6E7189B62793}.Release|Any CPU.Build.0 = Release|Any CPU
	EndGlobalSection
	GlobalSection(SolutionProperties) = preSolution
		HideSolutionNode = FALSE
	EndGlobalSection
	GlobalSection(NestedProjects) = preSolution
		{F51500F7-B893-4F1E-A611-093C05D587D6} = {50A8163D-A8AB-44DC-93AB-640BE89C3406}
		{B0D97235-F460-453C-BB00-D88F4AB4CD2F} = {50A8163D-A8AB-44DC-93AB-640BE89C3406}
		{2A360216-709C-419F-87E5-CA118AD3EC75} = {50A8163D-A8AB-44DC-93AB-640BE89C3406}
		{36FD8B9F-9040-4740-8FE5-744DD95B3E59} = {50A8163D-A8AB-44DC-93AB-640BE89C3406}
		{A796735F-8361-499E-BA9F-365DC15ACB77} = {F51500F7-B893-4F1E-A611-093C05D587D6}
		{0EFF5660-7729-450F-9228-450390E2E166} = {F51500F7-B893-4F1E-A611-093C05D587D6}
		{CC485581-39B7-4982-9A9C-6DE77E203373} = {F51500F7-B893-4F1E-A611-093C05D587D6}
		{B1A9FF16-BBA1-4093-AA4A-50BE00FF1135} = {B0D97235-F460-453C-BB00-D88F4AB4CD2F}
		{9826C69C-90EE-4C5A-9839-BFF53096DC29} = {2A360216-709C-419F-87E5-CA118AD3EC75}
		{DD6777B5-B4DA-4DBB-919B-22EBEC8F3084} = {A796735F-8361-499E-BA9F-365DC15ACB77}
		{91AA217F-AE99-460D-8C0D-0A3B39B55893} = {A796735F-8361-499E-BA9F-365DC15ACB77}
		{68D22685-47A0-44D4-89F9-8788843C61BE} = {0EFF5660-7729-450F-9228-450390E2E166}
		{C037B685-1B44-4FAF-9996-A87B8202EB28} = {CC485581-39B7-4982-9A9C-6DE77E203373}
		{74D7EF9C-E61B-4DEF-BAB0-A07185D08968} = {36FD8B9F-9040-4740-8FE5-744DD95B3E59}
		{71BCCAB3-9130-41DB-8591-CF065B5A91FA} = {36FD8B9F-9040-4740-8FE5-744DD95B3E59}
		{E85C72C7-C9B8-45D3-8673-899E971D1E18} = {36FD8B9F-9040-4740-8FE5-744DD95B3E59}
		{FE7BE74E-7139-4B8D-9950-6E7189B62793} = {B1A9FF16-BBA1-4093-AA4A-50BE00FF1135}
	EndGlobalSection
	GlobalSection(ExtensibilityGlobals) = postSolution
		SolutionGuid = {B7ED1571-F14F-4DAE-9DC7-C37D57CE4A22}
	EndGlobalSection
EndGlobal
